# THIS IS AN AUTOGENERATED FILE. DO NOT EDIT THIS FILE DIRECTLY.
# yarn lockfile v1


"@types/google-protobuf@^3.15.3":
  "integrity" "sha512-6bgv24B+A2bo9AfzReeg5StdiijKzwwnRflA8RLd1V4Yv995LeTmo0z69/MPbBDFSiZWdZHQygLo/ccXhMEDgw=="
  "resolved" "https://registry.npmjs.org/@types/google-protobuf/-/google-protobuf-3.15.5.tgz"
  "version" "3.15.5"

"google-protobuf@^3.19.3":
  "integrity" "sha512-OIPNCxsG2lkIvf+P5FNfJ/Km95CsXOBecS9ZcAU6m2Rq3svc0Apl9nB3GMDNKfQ9asNv4KjyAqGwPQFrVle3Yg=="
  "resolved" "https://registry.npmjs.org/google-protobuf/-/google-protobuf-3.19.4.tgz"
  "version" "3.19.4"

"prettier@^2.5.1":
  "integrity" "sha512-vBZcPRUR5MZJwoyi3ZoyQlc1rXeEck8KgeC9AwwOn+exuxLxq5toTRDTSaVrXHxelDMHy9zlicw8u66yxoSUFg=="
  "resolved" "https://registry.npmjs.org/prettier/-/prettier-2.5.1.tgz"
  "version" "2.5.1"

"twirpscript@^0.0.45":
  "integrity" "sha512-yZ6A6BWaR2ozSbirWT3efqOxFPUahaJKltUGQaRWYEDLPSm9tpeK8IpqKP/pw0EnTxKLjgXYtSM1RlbAERvItw=="
  "resolved" "https://registry.npmjs.org/twirpscript/-/twirpscript-0.0.45.tgz"
  "version" "0.0.45"
  dependencies:
    "@types/google-protobuf" "^3.15.3"
    "google-protobuf" "^3.19.3"
    "prettier" "^2.5.1"
